// !$*UTF8*$!
{
	archiveVersion = 1;
	classes = {
	};
	objectVersion = 56;
	objects = {

/* Begin PBXBuildFile section */
		8E3FCAF02C08912C00E91E7C /* RestauranctMap.storyboard in Resources */ = {isa = PBXBuildFile; fileRef = 8E3FCAEF2C08912C00E91E7C /* RestauranctMap.storyboard */; };
		8E3FCAF22C08914100E91E7C /* RestauranctMapViewController.swift in Sources */ = {isa = PBXBuildFile; fileRef = 8E3FCAF12C08914100E91E7C /* RestauranctMapViewController.swift */; };
		8E3FCB002C08DEB500E91E7C /* Kingfisher in Frameworks */ = {isa = PBXBuildFile; productRef = 8E3FCAFF2C08DEB500E91E7C /* Kingfisher */; };
		8E3FCB302C0DFE5A00E91E7C /* ChattingData.swift in Sources */ = {isa = PBXBuildFile; fileRef = 8E3FCB2F2C0DFE5A00E91E7C /* ChattingData.swift */; };
		8E3FCB332C0DFFAA00E91E7C /* ChattingVIewController.swift in Sources */ = {isa = PBXBuildFile; fileRef = 8E3FCB322C0DFFAA00E91E7C /* ChattingVIewController.swift */; };
		8E3FCB352C0DFFED00E91E7C /* ChattingDetailView.storyboard in Resources */ = {isa = PBXBuildFile; fileRef = 8E3FCB342C0DFFED00E91E7C /* ChattingDetailView.storyboard */; };
		8E3FCB372C0E01D200E91E7C /* ChattingDetailViewController.swift in Sources */ = {isa = PBXBuildFile; fileRef = 8E3FCB362C0E01D200E91E7C /* ChattingDetailViewController.swift */; };
		8E3FCB3C2C0E025600E91E7C /* ChatMainTableViewCell.swift in Sources */ = {isa = PBXBuildFile; fileRef = 8E3FCB3A2C0E025600E91E7C /* ChatMainTableViewCell.swift */; };
		8E3FCB3D2C0E025600E91E7C /* ChatMainTableViewCell.xib in Resources */ = {isa = PBXBuildFile; fileRef = 8E3FCB3B2C0E025600E91E7C /* ChatMainTableViewCell.xib */; };
		8E5D28BE2C04C37A005231A0 /* TravleTableViewCell.swift in Sources */ = {isa = PBXBuildFile; fileRef = 8E5D28BC2C04C37A005231A0 /* TravleTableViewCell.swift */; };
		8E5D28BF2C04C37A005231A0 /* TravleTableViewCell.xib in Resources */ = {isa = PBXBuildFile; fileRef = 8E5D28BD2C04C37A005231A0 /* TravleTableViewCell.xib */; };
		8E5D29022C07452F005231A0 /* CityInfo.swift in Sources */ = {isa = PBXBuildFile; fileRef = 8E5D29012C07452F005231A0 /* CityInfo.swift */; };
		8E5D29042C074556005231A0 /* CityModel.swift in Sources */ = {isa = PBXBuildFile; fileRef = 8E5D29032C074556005231A0 /* CityModel.swift */; };
		8E5D29062C074842005231A0 /* TravelDetailViewController.swift in Sources */ = {isa = PBXBuildFile; fileRef = 8E5D29052C074842005231A0 /* TravelDetailViewController.swift */; };
		8E5D29082C07493F005231A0 /* TravelDetail.storyboard in Resources */ = {isa = PBXBuildFile; fileRef = 8E5D29072C07493F005231A0 /* TravelDetail.storyboard */; };
		8E5D290A2C074D3B005231A0 /* AdViewController.swift in Sources */ = {isa = PBXBuildFile; fileRef = 8E5D29092C074D3B005231A0 /* AdViewController.swift */; };
		8E5D290C2C074D7A005231A0 /* Ad.storyboard in Resources */ = {isa = PBXBuildFile; fileRef = 8E5D290B2C074D7A005231A0 /* Ad.storyboard */; };
		8E5D290F2C076357005231A0 /* UIView+Extension.swift in Sources */ = {isa = PBXBuildFile; fileRef = 8E5D290E2C076357005231A0 /* UIView+Extension.swift */; };
		8E5D29132C077297005231A0 /* CityTableViewCell.xib in Resources */ = {isa = PBXBuildFile; fileRef = 8E5D29122C077297005231A0 /* CityTableViewCell.xib */; };
		8E5D29142C077297005231A0 /* CityTableViewCell.swift in Sources */ = {isa = PBXBuildFile; fileRef = 8E5D29112C077297005231A0 /* CityTableViewCell.swift */; };
		8E5D29162C080223005231A0 /* UIViewController+Extension.swift in Sources */ = {isa = PBXBuildFile; fileRef = 8E5D29152C080223005231A0 /* UIViewController+Extension.swift */; };
		8E6CB7B62C010C9E004B4575 /* AppDelegate.swift in Sources */ = {isa = PBXBuildFile; fileRef = 8E6CB7B52C010C9E004B4575 /* AppDelegate.swift */; };
		8E6CB7B82C010C9E004B4575 /* SceneDelegate.swift in Sources */ = {isa = PBXBuildFile; fileRef = 8E6CB7B72C010C9E004B4575 /* SceneDelegate.swift */; };
		8E6CB7BA2C010C9E004B4575 /* ViewController.swift in Sources */ = {isa = PBXBuildFile; fileRef = 8E6CB7B92C010C9E004B4575 /* ViewController.swift */; };
		8E6CB7BD2C010C9E004B4575 /* Base in Resources */ = {isa = PBXBuildFile; fileRef = 8E6CB7BC2C010C9E004B4575 /* Base */; };
		8E6CB7BF2C010CA0004B4575 /* Assets.xcassets in Resources */ = {isa = PBXBuildFile; fileRef = 8E6CB7BE2C010CA0004B4575 /* Assets.xcassets */; };
		8E6CB7C22C010CA0004B4575 /* Base in Resources */ = {isa = PBXBuildFile; fileRef = 8E6CB7C12C010CA0004B4575 /* Base */; };
		8EA9BF9D2C03555200D97438 /* RestaurantTableViewController.swift in Sources */ = {isa = PBXBuildFile; fileRef = 8EA9BF9C2C03555200D97438 /* RestaurantTableViewController.swift */; };
		8EA9BF9F2C03559200D97438 /* RestaurantTableViewCell.swift in Sources */ = {isa = PBXBuildFile; fileRef = 8EA9BF9E2C03559200D97438 /* RestaurantTableViewCell.swift */; };
		8EBE0D602C03500800D83E34 /* Restaurant.swift in Sources */ = {isa = PBXBuildFile; fileRef = 8EBE0D5F2C03500800D83E34 /* Restaurant.swift */; };
		8ECD54392C04570200724455 /* CityViewController.swift in Sources */ = {isa = PBXBuildFile; fileRef = 8ECD54382C04570200724455 /* CityViewController.swift */; };
		8ECD543B2C04586500724455 /* TravelModel.swift in Sources */ = {isa = PBXBuildFile; fileRef = 8ECD543A2C04586500724455 /* TravelModel.swift */; };
		8ECD543D2C048BDB00724455 /* TravelViewController.swift in Sources */ = {isa = PBXBuildFile; fileRef = 8ECD543C2C048BDB00724455 /* TravelViewController.swift */; };
		8ECD54492C04906E00724455 /* AdTableViewCell.xib in Resources */ = {isa = PBXBuildFile; fileRef = 8ECD54482C04906E00724455 /* AdTableViewCell.xib */; };
		8ECD544A2C04906E00724455 /* AdTableViewCell.swift in Sources */ = {isa = PBXBuildFile; fileRef = 8ECD54472C04906E00724455 /* AdTableViewCell.swift */; };
		8ED947DC2C010E1700AD84A3 /* MagazineInfo.swift in Sources */ = {isa = PBXBuildFile; fileRef = 8ED947DB2C010E1700AD84A3 /* MagazineInfo.swift */; };
		8ED947DE2C010E4300AD84A3 /* MagazineModel.swift in Sources */ = {isa = PBXBuildFile; fileRef = 8ED947DD2C010E4300AD84A3 /* MagazineModel.swift */; };
		8ED947E02C02105600AD84A3 /* MagazineViewController.swift in Sources */ = {isa = PBXBuildFile; fileRef = 8ED947DF2C02105600AD84A3 /* MagazineViewController.swift */; };
		8ED947E22C02158E00AD84A3 /* MagazineControllerTableViewCell.swift in Sources */ = {isa = PBXBuildFile; fileRef = 8ED947E12C02158E00AD84A3 /* MagazineControllerTableViewCell.swift */; };
/* End PBXBuildFile section */

/* Begin PBXFileReference section */
		8E3FCAEF2C08912C00E91E7C /* RestauranctMap.storyboard */ = {isa = PBXFileReference; lastKnownFileType = file.storyboard; path = RestauranctMap.storyboard; sourceTree = "<group>"; };
		8E3FCAF12C08914100E91E7C /* RestauranctMapViewController.swift */ = {isa = PBXFileReference; lastKnownFileType = sourcecode.swift; path = RestauranctMapViewController.swift; sourceTree = "<group>"; };
		8E3FCB2F2C0DFE5A00E91E7C /* ChattingData.swift */ = {isa = PBXFileReference; fileEncoding = 4; lastKnownFileType = sourcecode.swift; path = ChattingData.swift; sourceTree = "<group>"; };
		8E3FCB322C0DFFAA00E91E7C /* ChattingVIewController.swift */ = {isa = PBXFileReference; lastKnownFileType = sourcecode.swift; path = ChattingVIewController.swift; sourceTree = "<group>"; };
		8E3FCB342C0DFFED00E91E7C /* ChattingDetailView.storyboard */ = {isa = PBXFileReference; lastKnownFileType = file.storyboard; path = ChattingDetailView.storyboard; sourceTree = "<group>"; };
		8E3FCB362C0E01D200E91E7C /* ChattingDetailViewController.swift */ = {isa = PBXFileReference; lastKnownFileType = sourcecode.swift; path = ChattingDetailViewController.swift; sourceTree = "<group>"; };
		8E3FCB3A2C0E025600E91E7C /* ChatMainTableViewCell.swift */ = {isa = PBXFileReference; lastKnownFileType = sourcecode.swift; path = ChatMainTableViewCell.swift; sourceTree = "<group>"; };
		8E3FCB3B2C0E025600E91E7C /* ChatMainTableViewCell.xib */ = {isa = PBXFileReference; lastKnownFileType = file.xib; path = ChatMainTableViewCell.xib; sourceTree = "<group>"; };
		8E5D28BC2C04C37A005231A0 /* TravleTableViewCell.swift */ = {isa = PBXFileReference; lastKnownFileType = sourcecode.swift; path = TravleTableViewCell.swift; sourceTree = "<group>"; };
		8E5D28BD2C04C37A005231A0 /* TravleTableViewCell.xib */ = {isa = PBXFileReference; lastKnownFileType = file.xib; path = TravleTableViewCell.xib; sourceTree = "<group>"; };
		8E5D29012C07452F005231A0 /* CityInfo.swift */ = {isa = PBXFileReference; fileEncoding = 4; lastKnownFileType = sourcecode.swift; path = CityInfo.swift; sourceTree = "<group>"; };
		8E5D29032C074556005231A0 /* CityModel.swift */ = {isa = PBXFileReference; lastKnownFileType = sourcecode.swift; path = CityModel.swift; sourceTree = "<group>"; };
		8E5D29052C074842005231A0 /* TravelDetailViewController.swift */ = {isa = PBXFileReference; lastKnownFileType = sourcecode.swift; path = TravelDetailViewController.swift; sourceTree = "<group>"; };
		8E5D29072C07493F005231A0 /* TravelDetail.storyboard */ = {isa = PBXFileReference; lastKnownFileType = file.storyboard; path = TravelDetail.storyboard; sourceTree = "<group>"; };
		8E5D29092C074D3B005231A0 /* AdViewController.swift */ = {isa = PBXFileReference; lastKnownFileType = sourcecode.swift; path = AdViewController.swift; sourceTree = "<group>"; };
		8E5D290B2C074D7A005231A0 /* Ad.storyboard */ = {isa = PBXFileReference; lastKnownFileType = file.storyboard; path = Ad.storyboard; sourceTree = "<group>"; };
		8E5D290E2C076357005231A0 /* UIView+Extension.swift */ = {isa = PBXFileReference; lastKnownFileType = sourcecode.swift; path = "UIView+Extension.swift"; sourceTree = "<group>"; };
		8E5D29112C077297005231A0 /* CityTableViewCell.swift */ = {isa = PBXFileReference; lastKnownFileType = sourcecode.swift; path = CityTableViewCell.swift; sourceTree = "<group>"; };
		8E5D29122C077297005231A0 /* CityTableViewCell.xib */ = {isa = PBXFileReference; lastKnownFileType = file.xib; path = CityTableViewCell.xib; sourceTree = "<group>"; };
		8E5D29152C080223005231A0 /* UIViewController+Extension.swift */ = {isa = PBXFileReference; lastKnownFileType = sourcecode.swift; path = "UIViewController+Extension.swift"; sourceTree = "<group>"; };
		8E6CB7B22C010C9E004B4575 /* TravelMagazine.app */ = {isa = PBXFileReference; explicitFileType = wrapper.application; includeInIndex = 0; path = TravelMagazine.app; sourceTree = BUILT_PRODUCTS_DIR; };
		8E6CB7B52C010C9E004B4575 /* AppDelegate.swift */ = {isa = PBXFileReference; lastKnownFileType = sourcecode.swift; path = AppDelegate.swift; sourceTree = "<group>"; };
		8E6CB7B72C010C9E004B4575 /* SceneDelegate.swift */ = {isa = PBXFileReference; lastKnownFileType = sourcecode.swift; path = SceneDelegate.swift; sourceTree = "<group>"; };
		8E6CB7B92C010C9E004B4575 /* ViewController.swift */ = {isa = PBXFileReference; lastKnownFileType = sourcecode.swift; path = ViewController.swift; sourceTree = "<group>"; };
		8E6CB7BC2C010C9E004B4575 /* Base */ = {isa = PBXFileReference; lastKnownFileType = file.storyboard; name = Base; path = Base.lproj/Main.storyboard; sourceTree = "<group>"; };
		8E6CB7BE2C010CA0004B4575 /* Assets.xcassets */ = {isa = PBXFileReference; lastKnownFileType = folder.assetcatalog; path = Assets.xcassets; sourceTree = "<group>"; };
		8E6CB7C12C010CA0004B4575 /* Base */ = {isa = PBXFileReference; lastKnownFileType = file.storyboard; name = Base; path = Base.lproj/LaunchScreen.storyboard; sourceTree = "<group>"; };
		8E6CB7C32C010CA0004B4575 /* Info.plist */ = {isa = PBXFileReference; lastKnownFileType = text.plist.xml; path = Info.plist; sourceTree = "<group>"; };
		8EA9BF9C2C03555200D97438 /* RestaurantTableViewController.swift */ = {isa = PBXFileReference; lastKnownFileType = sourcecode.swift; path = RestaurantTableViewController.swift; sourceTree = "<group>"; };
		8EA9BF9E2C03559200D97438 /* RestaurantTableViewCell.swift */ = {isa = PBXFileReference; lastKnownFileType = sourcecode.swift; path = RestaurantTableViewCell.swift; sourceTree = "<group>"; };
		8EBE0D5F2C03500800D83E34 /* Restaurant.swift */ = {isa = PBXFileReference; fileEncoding = 4; lastKnownFileType = sourcecode.swift; path = Restaurant.swift; sourceTree = "<group>"; };
		8ECD54382C04570200724455 /* CityViewController.swift */ = {isa = PBXFileReference; lastKnownFileType = sourcecode.swift; path = CityViewController.swift; sourceTree = "<group>"; };
		8ECD543A2C04586500724455 /* TravelModel.swift */ = {isa = PBXFileReference; fileEncoding = 4; lastKnownFileType = sourcecode.swift; name = TravelModel.swift; path = TravelMagazine/TravelModel.swift; sourceTree = SOURCE_ROOT; };
		8ECD543C2C048BDB00724455 /* TravelViewController.swift */ = {isa = PBXFileReference; lastKnownFileType = sourcecode.swift; path = TravelViewController.swift; sourceTree = "<group>"; };
		8ECD54472C04906E00724455 /* AdTableViewCell.swift */ = {isa = PBXFileReference; lastKnownFileType = sourcecode.swift; path = AdTableViewCell.swift; sourceTree = "<group>"; };
		8ECD54482C04906E00724455 /* AdTableViewCell.xib */ = {isa = PBXFileReference; lastKnownFileType = file.xib; path = AdTableViewCell.xib; sourceTree = "<group>"; };
		8ED947DB2C010E1700AD84A3 /* MagazineInfo.swift */ = {isa = PBXFileReference; fileEncoding = 4; lastKnownFileType = sourcecode.swift; name = MagazineInfo.swift; path = TravelMagazine/DummyData/MagazineInfo.swift; sourceTree = SOURCE_ROOT; };
		8ED947DD2C010E4300AD84A3 /* MagazineModel.swift */ = {isa = PBXFileReference; lastKnownFileType = sourcecode.swift; path = MagazineModel.swift; sourceTree = "<group>"; };
		8ED947DF2C02105600AD84A3 /* MagazineViewController.swift */ = {isa = PBXFileReference; lastKnownFileType = sourcecode.swift; path = MagazineViewController.swift; sourceTree = "<group>"; };
		8ED947E12C02158E00AD84A3 /* MagazineControllerTableViewCell.swift */ = {isa = PBXFileReference; lastKnownFileType = sourcecode.swift; path = MagazineControllerTableViewCell.swift; sourceTree = "<group>"; };
/* End PBXFileReference section */

/* Begin PBXFrameworksBuildPhase section */
		8E6CB7AF2C010C9E004B4575 /* Frameworks */ = {
			isa = PBXFrameworksBuildPhase;
			buildActionMask = 2147483647;
			files = (
				8E3FCB002C08DEB500E91E7C /* Kingfisher in Frameworks */,
			);
			runOnlyForDeploymentPostprocessing = 0;
		};
/* End PBXFrameworksBuildPhase section */

/* Begin PBXGroup section */
		8E0700FC2C031E5E0065766E /* Model */ = {
			isa = PBXGroup;
			children = (
				8EBE0D5F2C03500800D83E34 /* Restaurant.swift */,
				8ECD543A2C04586500724455 /* TravelModel.swift */,
				8ED947DD2C010E4300AD84A3 /* MagazineModel.swift */,
				8E5D29032C074556005231A0 /* CityModel.swift */,
			);
			path = Model;
			sourceTree = "<group>";
		};
		8E3FCB312C0DFECB00E91E7C /* Chatting */ = {
			isa = PBXGroup;
			children = (
				8E3FCB392C0E022F00E91E7C /* ChatDetail */,
				8E3FCB382C0E021E00E91E7C /* ChatMain */,
			);
			path = Chatting;
			sourceTree = "<group>";
		};
		8E3FCB382C0E021E00E91E7C /* ChatMain */ = {
			isa = PBXGroup;
			children = (
				8E3FCB322C0DFFAA00E91E7C /* ChattingVIewController.swift */,
				8E3FCB3A2C0E025600E91E7C /* ChatMainTableViewCell.swift */,
				8E3FCB3B2C0E025600E91E7C /* ChatMainTableViewCell.xib */,
			);
			path = ChatMain;
			sourceTree = "<group>";
		};
		8E3FCB392C0E022F00E91E7C /* ChatDetail */ = {
			isa = PBXGroup;
			children = (
				8E3FCB362C0E01D200E91E7C /* ChattingDetailViewController.swift */,
				8E3FCB342C0DFFED00E91E7C /* ChattingDetailView.storyboard */,
			);
			path = ChatDetail;
			sourceTree = "<group>";
		};
		8E5D290D2C076339005231A0 /* extension */ = {
			isa = PBXGroup;
			children = (
				8E5D290E2C076357005231A0 /* UIView+Extension.swift */,
				8E5D29152C080223005231A0 /* UIViewController+Extension.swift */,
			);
			path = extension;
			sourceTree = "<group>";
		};
		8E5D29102C0770F9005231A0 /* City */ = {
			isa = PBXGroup;
			children = (
				8ECD54382C04570200724455 /* CityViewController.swift */,
				8E5D29112C077297005231A0 /* CityTableViewCell.swift */,
				8E5D29122C077297005231A0 /* CityTableViewCell.xib */,
			);
			path = City;
			sourceTree = "<group>";
		};
		8E6CB7A92C010C9E004B4575 = {
			isa = PBXGroup;
			children = (
				8E6CB7B32C010C9E004B4575 /* Products */,
				8E6CB7B42C010C9E004B4575 /* TravelMagazine */,
			);
			sourceTree = "<group>";
		};
		8E6CB7B32C010C9E004B4575 /* Products */ = {
			isa = PBXGroup;
			children = (
				8E6CB7B22C010C9E004B4575 /* TravelMagazine.app */,
			);
			name = Products;
			sourceTree = "<group>";
		};
		8E6CB7B42C010C9E004B4575 /* TravelMagazine */ = {
			isa = PBXGroup;
			children = (
				8E5D29102C0770F9005231A0 /* City */,
				8E5D290D2C076339005231A0 /* extension */,
				8E6CB7B52C010C9E004B4575 /* AppDelegate.swift */,
				8E6CB7B72C010C9E004B4575 /* SceneDelegate.swift */,
				8E3FCB312C0DFECB00E91E7C /* Chatting */,
				8E6CB7B92C010C9E004B4575 /* ViewController.swift */,
				8EBE0D5E2C034F9D00D83E34 /* DummyData */,
				8E6CB7BB2C010C9E004B4575 /* Main.storyboard */,
				8E6CB7BE2C010CA0004B4575 /* Assets.xcassets */,
				8E6CB7C02C010CA0004B4575 /* LaunchScreen.storyboard */,
				8E6CB7C32C010CA0004B4575 /* Info.plist */,
				8E0700FC2C031E5E0065766E /* Model */,
				8ECD543E2C048E5500724455 /* Magazine */,
				8ECD543F2C048F0600724455 /* Restauranct */,
				8ECD54442C048F3600724455 /* Travel. */,
			);
			path = TravelMagazine;
			sourceTree = "<group>";
		};
		8EBE0D5E2C034F9D00D83E34 /* DummyData */ = {
			isa = PBXGroup;
			children = (
				8ED947DB2C010E1700AD84A3 /* MagazineInfo.swift */,
				8E3FCB2F2C0DFE5A00E91E7C /* ChattingData.swift */,
				8E5D29012C07452F005231A0 /* CityInfo.swift */,
			);
			path = DummyData;
			sourceTree = "<group>";
		};
		8ECD543E2C048E5500724455 /* Magazine */ = {
			isa = PBXGroup;
			children = (
				8ED947DF2C02105600AD84A3 /* MagazineViewController.swift */,
				8ED947E12C02158E00AD84A3 /* MagazineControllerTableViewCell.swift */,
			);
			path = Magazine;
			sourceTree = "<group>";
		};
		8ECD543F2C048F0600724455 /* Restauranct */ = {
			isa = PBXGroup;
			children = (
				8EA9BF9C2C03555200D97438 /* RestaurantTableViewController.swift */,
				8EA9BF9E2C03559200D97438 /* RestaurantTableViewCell.swift */,
				8E3FCAEF2C08912C00E91E7C /* RestauranctMap.storyboard */,
				8E3FCAF12C08914100E91E7C /* RestauranctMapViewController.swift */,
			);
			path = Restauranct;
			sourceTree = "<group>";
		};
		8ECD54442C048F3600724455 /* Travel. */ = {
			isa = PBXGroup;
			children = (
				8ECD543C2C048BDB00724455 /* TravelViewController.swift */,
				8ECD54472C04906E00724455 /* AdTableViewCell.swift */,
				8ECD54482C04906E00724455 /* AdTableViewCell.xib */,
				8E5D28BC2C04C37A005231A0 /* TravleTableViewCell.swift */,
				8E5D28BD2C04C37A005231A0 /* TravleTableViewCell.xib */,
				8E5D29052C074842005231A0 /* TravelDetailViewController.swift */,
				8E5D29072C07493F005231A0 /* TravelDetail.storyboard */,
				8E5D29092C074D3B005231A0 /* AdViewController.swift */,
				8E5D290B2C074D7A005231A0 /* Ad.storyboard */,
			);
			path = Travel.;
			sourceTree = "<group>";
		};
/* End PBXGroup section */

/* Begin PBXNativeTarget section */
		8E6CB7B12C010C9E004B4575 /* TravelMagazine */ = {
			isa = PBXNativeTarget;
			buildConfigurationList = 8E6CB7C62C010CA0004B4575 /* Build configuration list for PBXNativeTarget "TravelMagazine" */;
			buildPhases = (
				8E6CB7AE2C010C9E004B4575 /* Sources */,
				8E6CB7AF2C010C9E004B4575 /* Frameworks */,
				8E6CB7B02C010C9E004B4575 /* Resources */,
			);
			buildRules = (
			);
			dependencies = (
			);
			name = TravelMagazine;
			packageProductDependencies = (
				8E3FCAFF2C08DEB500E91E7C /* Kingfisher */,
			);
			productName = TravelMagazine;
			productReference = 8E6CB7B22C010C9E004B4575 /* TravelMagazine.app */;
			productType = "com.apple.product-type.application";
		};
/* End PBXNativeTarget section */

/* Begin PBXProject section */
		8E6CB7AA2C010C9E004B4575 /* Project object */ = {
			isa = PBXProject;
			attributes = {
				BuildIndependentTargetsInParallel = 1;
				LastSwiftUpdateCheck = 1540;
				LastUpgradeCheck = 1540;
				TargetAttributes = {
					8E6CB7B12C010C9E004B4575 = {
						CreatedOnToolsVersion = 15.4;
					};
				};
			};
			buildConfigurationList = 8E6CB7AD2C010C9E004B4575 /* Build configuration list for PBXProject "TravelMagazine" */;
			compatibilityVersion = "Xcode 14.0";
			developmentRegion = en;
			hasScannedForEncodings = 0;
			knownRegions = (
				en,
				Base,
			);
			mainGroup = 8E6CB7A92C010C9E004B4575;
			packageReferences = (
				8E3FCAFE2C08DEB500E91E7C /* XCRemoteSwiftPackageReference "Kingfisher" */,
			);
			productRefGroup = 8E6CB7B32C010C9E004B4575 /* Products */;
			projectDirPath = "";
			projectRoot = "";
			targets = (
				8E6CB7B12C010C9E004B4575 /* TravelMagazine */,
			);
		};
/* End PBXProject section */

/* Begin PBXResourcesBuildPhase section */
		8E6CB7B02C010C9E004B4575 /* Resources */ = {
			isa = PBXResourcesBuildPhase;
			buildActionMask = 2147483647;
			files = (
				8ECD54492C04906E00724455 /* AdTableViewCell.xib in Resources */,
				8E3FCB352C0DFFED00E91E7C /* ChattingDetailView.storyboard in Resources */,
				8E3FCB3D2C0E025600E91E7C /* ChatMainTableViewCell.xib in Resources */,
				8E5D290C2C074D7A005231A0 /* Ad.storyboard in Resources */,
				8E5D29132C077297005231A0 /* CityTableViewCell.xib in Resources */,
				8E6CB7BF2C010CA0004B4575 /* Assets.xcassets in Resources */,
				8E6CB7C22C010CA0004B4575 /* Base in Resources */,
				8E5D28BF2C04C37A005231A0 /* TravleTableViewCell.xib in Resources */,
				8E6CB7BD2C010C9E004B4575 /* Base in Resources */,
				8E3FCAF02C08912C00E91E7C /* RestauranctMap.storyboard in Resources */,
				8E5D29082C07493F005231A0 /* TravelDetail.storyboard in Resources */,
			);
			runOnlyForDeploymentPostprocessing = 0;
		};
/* End PBXResourcesBuildPhase section */

/* Begin PBXSourcesBuildPhase section */
		8E6CB7AE2C010C9E004B4575 /* Sources */ = {
			isa = PBXSourcesBuildPhase;
			buildActionMask = 2147483647;
			files = (
				8EA9BF9F2C03559200D97438 /* RestaurantTableViewCell.swift in Sources */,
				8E3FCB302C0DFE5A00E91E7C /* ChattingData.swift in Sources */,
				8E5D29042C074556005231A0 /* CityModel.swift in Sources */,
				8E6CB7BA2C010C9E004B4575 /* ViewController.swift in Sources */,
				8ED947E22C02158E00AD84A3 /* MagazineControllerTableViewCell.swift in Sources */,
				8ECD543B2C04586500724455 /* TravelModel.swift in Sources */,
				8ECD543D2C048BDB00724455 /* TravelViewController.swift in Sources */,
				8EA9BF9D2C03555200D97438 /* RestaurantTableViewController.swift in Sources */,
				8ED947DC2C010E1700AD84A3 /* MagazineInfo.swift in Sources */,
				8E3FCAF22C08914100E91E7C /* RestauranctMapViewController.swift in Sources */,
				8E5D28BE2C04C37A005231A0 /* TravleTableViewCell.swift in Sources */,
				8ED947E02C02105600AD84A3 /* MagazineViewController.swift in Sources */,
				8E5D29062C074842005231A0 /* TravelDetailViewController.swift in Sources */,
				8E3FCB3C2C0E025600E91E7C /* ChatMainTableViewCell.swift in Sources */,
				8E3FCB332C0DFFAA00E91E7C /* ChattingVIewController.swift in Sources */,
				8E5D290F2C076357005231A0 /* UIView+Extension.swift in Sources */,
				8E5D29162C080223005231A0 /* UIViewController+Extension.swift in Sources */,
				8EBE0D602C03500800D83E34 /* Restaurant.swift in Sources */,
				8E3FCB372C0E01D200E91E7C /* ChattingDetailViewController.swift in Sources */,
				8ECD544A2C04906E00724455 /* AdTableViewCell.swift in Sources */,
				8ECD54392C04570200724455 /* CityViewController.swift in Sources */,
				8E5D29142C077297005231A0 /* CityTableViewCell.swift in Sources */,
				8E6CB7B62C010C9E004B4575 /* AppDelegate.swift in Sources */,
				8E5D290A2C074D3B005231A0 /* AdViewController.swift in Sources */,
				8E6CB7B82C010C9E004B4575 /* SceneDelegate.swift in Sources */,
				8E5D29022C07452F005231A0 /* CityInfo.swift in Sources */,
				8ED947DE2C010E4300AD84A3 /* MagazineModel.swift in Sources */,
			);
			runOnlyForDeploymentPostprocessing = 0;
		};
/* End PBXSourcesBuildPhase section */

/* Begin PBXVariantGroup section */
		8E6CB7BB2C010C9E004B4575 /* Main.storyboard */ = {
			isa = PBXVariantGroup;
			children = (
				8E6CB7BC2C010C9E004B4575 /* Base */,
			);
			name = Main.storyboard;
			sourceTree = "<group>";
		};
		8E6CB7C02C010CA0004B4575 /* LaunchScreen.storyboard */ = {
			isa = PBXVariantGroup;
			children = (
				8E6CB7C12C010CA0004B4575 /* Base */,
			);
			name = LaunchScreen.storyboard;
			sourceTree = "<group>";
		};
/* End PBXVariantGroup section */

/* Begin XCBuildConfiguration section */
		8E6CB7C42C010CA0004B4575 /* Debug */ = {
			isa = XCBuildConfiguration;
			buildSettings = {
				ALWAYS_SEARCH_USER_PATHS = NO;
				ASSETCATALOG_COMPILER_GENERATE_SWIFT_ASSET_SYMBOL_EXTENSIONS = YES;
				CLANG_ANALYZER_NONNULL = YES;
				CLANG_ANALYZER_NUMBER_OBJECT_CONVERSION = YES_AGGRESSIVE;
				CLANG_CXX_LANGUAGE_STANDARD = "gnu++20";
				CLANG_ENABLE_MODULES = YES;
				CLANG_ENABLE_OBJC_ARC = YES;
				CLANG_ENABLE_OBJC_WEAK = YES;
				CLANG_WARN_BLOCK_CAPTURE_AUTORELEASING = YES;
				CLANG_WARN_BOOL_CONVERSION = YES;
				CLANG_WARN_COMMA = YES;
				CLANG_WARN_CONSTANT_CONVERSION = YES;
				CLANG_WARN_DEPRECATED_OBJC_IMPLEMENTATIONS = YES;
				CLANG_WARN_DIRECT_OBJC_ISA_USAGE = YES_ERROR;
				CLANG_WARN_DOCUMENTATION_COMMENTS = YES;
				CLANG_WARN_EMPTY_BODY = YES;
				CLANG_WARN_ENUM_CONVERSION = YES;
				CLANG_WARN_INFINITE_RECURSION = YES;
				CLANG_WARN_INT_CONVERSION = YES;
				CLANG_WARN_NON_LITERAL_NULL_CONVERSION = YES;
				CLANG_WARN_OBJC_IMPLICIT_RETAIN_SELF = YES;
				CLANG_WARN_OBJC_LITERAL_CONVERSION = YES;
				CLANG_WARN_OBJC_ROOT_CLASS = YES_ERROR;
				CLANG_WARN_QUOTED_INCLUDE_IN_FRAMEWORK_HEADER = YES;
				CLANG_WARN_RANGE_LOOP_ANALYSIS = YES;
				CLANG_WARN_STRICT_PROTOTYPES = YES;
				CLANG_WARN_SUSPICIOUS_MOVE = YES;
				CLANG_WARN_UNGUARDED_AVAILABILITY = YES_AGGRESSIVE;
				CLANG_WARN_UNREACHABLE_CODE = YES;
				CLANG_WARN__DUPLICATE_METHOD_MATCH = YES;
				COPY_PHASE_STRIP = NO;
				DEBUG_INFORMATION_FORMAT = dwarf;
				ENABLE_STRICT_OBJC_MSGSEND = YES;
				ENABLE_TESTABILITY = YES;
				ENABLE_USER_SCRIPT_SANDBOXING = YES;
				GCC_C_LANGUAGE_STANDARD = gnu17;
				GCC_DYNAMIC_NO_PIC = NO;
				GCC_NO_COMMON_BLOCKS = YES;
				GCC_OPTIMIZATION_LEVEL = 0;
				GCC_PREPROCESSOR_DEFINITIONS = (
					"DEBUG=1",
					"$(inherited)",
				);
				GCC_WARN_64_TO_32_BIT_CONVERSION = YES;
				GCC_WARN_ABOUT_RETURN_TYPE = YES_ERROR;
				GCC_WARN_UNDECLARED_SELECTOR = YES;
				GCC_WARN_UNINITIALIZED_AUTOS = YES_AGGRESSIVE;
				GCC_WARN_UNUSED_FUNCTION = YES;
				GCC_WARN_UNUSED_VARIABLE = YES;
				IPHONEOS_DEPLOYMENT_TARGET = 17.5;
				LOCALIZATION_PREFERS_STRING_CATALOGS = YES;
				MTL_ENABLE_DEBUG_INFO = INCLUDE_SOURCE;
				MTL_FAST_MATH = YES;
				ONLY_ACTIVE_ARCH = YES;
				SDKROOT = iphoneos;
				SWIFT_ACTIVE_COMPILATION_CONDITIONS = "DEBUG $(inherited)";
				SWIFT_OPTIMIZATION_LEVEL = "-Onone";
			};
			name = Debug;
		};
		8E6CB7C52C010CA0004B4575 /* Release */ = {
			isa = XCBuildConfiguration;
			buildSettings = {
				ALWAYS_SEARCH_USER_PATHS = NO;
				ASSETCATALOG_COMPILER_GENERATE_SWIFT_ASSET_SYMBOL_EXTENSIONS = YES;
				CLANG_ANALYZER_NONNULL = YES;
				CLANG_ANALYZER_NUMBER_OBJECT_CONVERSION = YES_AGGRESSIVE;
				CLANG_CXX_LANGUAGE_STANDARD = "gnu++20";
				CLANG_ENABLE_MODULES = YES;
				CLANG_ENABLE_OBJC_ARC = YES;
				CLANG_ENABLE_OBJC_WEAK = YES;
				CLANG_WARN_BLOCK_CAPTURE_AUTORELEASING = YES;
				CLANG_WARN_BOOL_CONVERSION = YES;
				CLANG_WARN_COMMA = YES;
				CLANG_WARN_CONSTANT_CONVERSION = YES;
				CLANG_WARN_DEPRECATED_OBJC_IMPLEMENTATIONS = YES;
				CLANG_WARN_DIRECT_OBJC_ISA_USAGE = YES_ERROR;
				CLANG_WARN_DOCUMENTATION_COMMENTS = YES;
				CLANG_WARN_EMPTY_BODY = YES;
				CLANG_WARN_ENUM_CONVERSION = YES;
				CLANG_WARN_INFINITE_RECURSION = YES;
				CLANG_WARN_INT_CONVERSION = YES;
				CLANG_WARN_NON_LITERAL_NULL_CONVERSION = YES;
				CLANG_WARN_OBJC_IMPLICIT_RETAIN_SELF = YES;
				CLANG_WARN_OBJC_LITERAL_CONVERSION = YES;
				CLANG_WARN_OBJC_ROOT_CLASS = YES_ERROR;
				CLANG_WARN_QUOTED_INCLUDE_IN_FRAMEWORK_HEADER = YES;
				CLANG_WARN_RANGE_LOOP_ANALYSIS = YES;
				CLANG_WARN_STRICT_PROTOTYPES = YES;
				CLANG_WARN_SUSPICIOUS_MOVE = YES;
				CLANG_WARN_UNGUARDED_AVAILABILITY = YES_AGGRESSIVE;
				CLANG_WARN_UNREACHABLE_CODE = YES;
				CLANG_WARN__DUPLICATE_METHOD_MATCH = YES;
				COPY_PHASE_STRIP = NO;
				DEBUG_INFORMATION_FORMAT = "dwarf-with-dsym";
				ENABLE_NS_ASSERTIONS = NO;
				ENABLE_STRICT_OBJC_MSGSEND = YES;
				ENABLE_USER_SCRIPT_SANDBOXING = YES;
				GCC_C_LANGUAGE_STANDARD = gnu17;
				GCC_NO_COMMON_BLOCKS = YES;
				GCC_WARN_64_TO_32_BIT_CONVERSION = YES;
				GCC_WARN_ABOUT_RETURN_TYPE = YES_ERROR;
				GCC_WARN_UNDECLARED_SELECTOR = YES;
				GCC_WARN_UNINITIALIZED_AUTOS = YES_AGGRESSIVE;
				GCC_WARN_UNUSED_FUNCTION = YES;
				GCC_WARN_UNUSED_VARIABLE = YES;
				IPHONEOS_DEPLOYMENT_TARGET = 17.5;
				LOCALIZATION_PREFERS_STRING_CATALOGS = YES;
				MTL_ENABLE_DEBUG_INFO = NO;
				MTL_FAST_MATH = YES;
				SDKROOT = iphoneos;
				SWIFT_COMPILATION_MODE = wholemodule;
				VALIDATE_PRODUCT = YES;
			};
			name = Release;
		};
		8E6CB7C72C010CA0004B4575 /* Debug */ = {
			isa = XCBuildConfiguration;
			buildSettings = {
				ASSETCATALOG_COMPILER_APPICON_NAME = AppIcon;
				ASSETCATALOG_COMPILER_GLOBAL_ACCENT_COLOR_NAME = AccentColor;
				CODE_SIGN_STYLE = Automatic;
				CURRENT_PROJECT_VERSION = 1;
				DEVELOPMENT_TEAM = FPYJAG45SA;
				GENERATE_INFOPLIST_FILE = YES;
				INFOPLIST_FILE = TravelMagazine/Info.plist;
				INFOPLIST_KEY_UIApplicationSupportsIndirectInputEvents = YES;
				INFOPLIST_KEY_UILaunchStoryboardName = LaunchScreen;
				INFOPLIST_KEY_UIMainStoryboardFile = Main;
				INFOPLIST_KEY_UISupportedInterfaceOrientations_iPad = "UIInterfaceOrientationPortrait UIInterfaceOrientationPortraitUpsideDown UIInterfaceOrientationLandscapeLeft UIInterfaceOrientationLandscapeRight";
				INFOPLIST_KEY_UISupportedInterfaceOrientations_iPhone = "UIInterfaceOrientationPortrait UIInterfaceOrientationLandscapeLeft UIInterfaceOrientationLandscapeRight";
				IPHONEOS_DEPLOYMENT_TARGET = 16.0;
				LD_RUNPATH_SEARCH_PATHS = (
					"$(inherited)",
					"@executable_path/Frameworks",
				);
				MARKETING_VERSION = 1.0;
				PRODUCT_BUNDLE_IDENTIFIER = com.saengle.TravelMagazine;
				PRODUCT_NAME = "$(TARGET_NAME)";
				SUPPORTED_PLATFORMS = "iphoneos iphonesimulator";
				SUPPORTS_MACCATALYST = NO;
				SUPPORTS_MAC_DESIGNED_FOR_IPHONE_IPAD = NO;
				SUPPORTS_XR_DESIGNED_FOR_IPHONE_IPAD = NO;
				SWIFT_EMIT_LOC_STRINGS = YES;
				SWIFT_VERSION = 5.0;
				TARGETED_DEVICE_FAMILY = 1;
			};
			name = Debug;
		};
		8E6CB7C82C010CA0004B4575 /* Release */ = {
			isa = XCBuildConfiguration;
			buildSettings = {
				ASSETCATALOG_COMPILER_APPICON_NAME = AppIcon;
				ASSETCATALOG_COMPILER_GLOBAL_ACCENT_COLOR_NAME = AccentColor;
				CODE_SIGN_STYLE = Automatic;
				CURRENT_PROJECT_VERSION = 1;
				DEVELOPMENT_TEAM = FPYJAG45SA;
				GENERATE_INFOPLIST_FILE = YES;
				INFOPLIST_FILE = TravelMagazine/Info.plist;
				INFOPLIST_KEY_UIApplicationSupportsIndirectInputEvents = YES;
				INFOPLIST_KEY_UILaunchStoryboardName = LaunchScreen;
				INFOPLIST_KEY_UIMainStoryboardFile = Main;
				INFOPLIST_KEY_UISupportedInterfaceOrientations_iPad = "UIInterfaceOrientationPortrait UIInterfaceOrientationPortraitUpsideDown UIInterfaceOrientationLandscapeLeft UIInterfaceOrientationLandscapeRight";
				INFOPLIST_KEY_UISupportedInterfaceOrientations_iPhone = "UIInterfaceOrientationPortrait UIInterfaceOrientationLandscapeLeft UIInterfaceOrientationLandscapeRight";
				IPHONEOS_DEPLOYMENT_TARGET = 16.0;
				LD_RUNPATH_SEARCH_PATHS = (
					"$(inherited)",
					"@executable_path/Frameworks",
				);
				MARKETING_VERSION = 1.0;
				PRODUCT_BUNDLE_IDENTIFIER = com.saengle.TravelMagazine;
				PRODUCT_NAME = "$(TARGET_NAME)";
				SUPPORTED_PLATFORMS = "iphoneos iphonesimulator";
				SUPPORTS_MACCATALYST = NO;
				SUPPORTS_MAC_DESIGNED_FOR_IPHONE_IPAD = NO;
				SUPPORTS_XR_DESIGNED_FOR_IPHONE_IPAD = NO;
				SWIFT_EMIT_LOC_STRINGS = YES;
				SWIFT_VERSION = 5.0;
				TARGETED_DEVICE_FAMILY = 1;
			};
			name = Release;
		};
/* End XCBuildConfiguration section */

/* Begin XCConfigurationList section */
		8E6CB7AD2C010C9E004B4575 /* Build configuration list for PBXProject "TravelMagazine" */ = {
			isa = XCConfigurationList;
			buildConfigurations = (
				8E6CB7C42C010CA0004B4575 /* Debug */,
				8E6CB7C52C010CA0004B4575 /* Release */,
			);
			defaultConfigurationIsVisible = 0;
			defaultConfigurationName = Release;
		};
		8E6CB7C62C010CA0004B4575 /* Build configuration list for PBXNativeTarget "TravelMagazine" */ = {
			isa = XCConfigurationList;
			buildConfigurations = (
				8E6CB7C72C010CA0004B4575 /* Debug */,
				8E6CB7C82C010CA0004B4575 /* Release */,
			);
			defaultConfigurationIsVisible = 0;
			defaultConfigurationName = Release;
		};
/* End XCConfigurationList section */

/* Begin XCRemoteSwiftPackageReference section */
		8E3FCAFE2C08DEB500E91E7C /* XCRemoteSwiftPackageReference "Kingfisher" */ = {
			isa = XCRemoteSwiftPackageReference;
			repositoryURL = "https://github.com/onevcat/Kingfisher";
			requirement = {
				kind = upToNextMajorVersion;
				minimumVersion = 7.11.0;
			};
		};
/* End XCRemoteSwiftPackageReference section */

/* Begin XCSwiftPackageProductDependency section */
		8E3FCAFF2C08DEB500E91E7C /* Kingfisher */ = {
			isa = XCSwiftPackageProductDependency;
			package = 8E3FCAFE2C08DEB500E91E7C /* XCRemoteSwiftPackageReference "Kingfisher" */;
			productName = Kingfisher;
		};
/* End XCSwiftPackageProductDependency section */
	};
	rootObject = 8E6CB7AA2C010C9E004B4575 /* Project object */;
}
